
Microsoft Visual Studio Solution File, Format Version 12.00
# Visual Studio Version 17
VisualStudioVersion = 17.8.34511.84
MinimumVisualStudioVersion = 10.0.40219.1
Project("{8BC9CEB8-8B4A-11D0-8D11-00A0C91BC942}") = "Cont Bancar", "Cont Bancar\Cont Bancar.vcxproj", "{302953BF-2583-43CD-9893-9822A2649DD0}"
EndProject
Global
	GlobalSection(SolutionConfigurationPlatforms) = preSolution
		Debug|x64 = Debug|x64
		Debug|x86 = Debug|x86
		Release|x64 = Release|x64
		Release|x86 = Release|x86
	EndGlobalSection
	GlobalSection(ProjectConfigurationPlatforms) = postSolution
		{302953BF-2583-43CD-9893-9822A2649DD0}.Debug|x64.ActiveCfg = Debug|x64
		{302953BF-2583-43CD-9893-9822A2649DD0}.Debug|x64.Build.0 = Debug|x64
		{302953BF-2583-43CD-9893-9822A2649DD0}.Debug|x86.ActiveCfg = Debug|Win32
		{302953BF-2583-43CD-9893-9822A2649DD0}.Debug|x86.Build.0 = Debug|Win32
		{302953BF-2583-43CD-9893-9822A2649DD0}.Release|x64.ActiveCfg = Release|x64
		{302953BF-2583-43CD-9893-9822A2649DD0}.Release|x64.Build.0 = Release|x64
		{302953BF-2583-43CD-9893-9822A2649DD0}.Release|x86.ActiveCfg = Release|Win32
		{302953BF-2583-43CD-9893-9822A2649DD0}.Release|x86.Build.0 = Release|Win32
	EndGlobalSection
	GlobalSection(SolutionProperties) = preSolution
		HideSolutionNode = FALSE
	EndGlobalSection
	GlobalSection(ExtensibilityGlobals) = postSolution
		SolutionGuid = {3FEB9631-585B-4088-BF8B-D8681D5D2D9E}
	EndGlobalSection
EndGlobal
